
Microsoft Visual Studio Solution File, Format Version 12.00
# Visual Studio Version 17
VisualStudioVersion = 17.9.34728.123
MinimumVisualStudioVersion = 10.0.40219.1
Project("{FAE04EC0-301F-11D3-BF4B-00C04F79EFBC}") = "BasicASPTutorial", "BasicASPTutorial\BasicASPTutorial.csproj", "{588F4C87-8C1B-4ABA-9B58-DAA6ED578DB1}"
EndProject
Global
	GlobalSection(SolutionConfigurationPlatforms) = preSolution
		Debug|Any CPU = Debug|Any CPU
		Release|Any CPU = Release|Any CPU
	EndGlobalSection
	GlobalSection(ProjectConfigurationPlatforms) = postSolution
		{588F4C87-8C1B-4ABA-9B58-DAA6ED578DB1}.Debug|Any CPU.ActiveCfg = Debug|Any CPU
		{588F4C87-8C1B-4ABA-9B58-DAA6ED578DB1}.Debug|Any CPU.Build.0 = Debug|Any CPU
		{588F4C87-8C1B-4ABA-9B58-DAA6ED578DB1}.Release|Any CPU.ActiveCfg = Release|Any CPU
		{588F4C87-8C1B-4ABA-9B58-DAA6ED578DB1}.Release|Any CPU.Build.0 = Release|Any CPU
	EndGlobalSection
	GlobalSection(SolutionProperties) = preSolution
		HideSolutionNode = FALSE
	EndGlobalSection
	GlobalSection(ExtensibilityGlobals) = postSolution
		SolutionGuid = {3C8E300B-49DE-4001-9F5C-2100A7D4546A}
	EndGlobalSection
EndGlobal
